# THIS IS AN AUTOGENERATED FILE. DO NOT EDIT THIS FILE DIRECTLY.
# yarn lockfile v1


"@types/estree@*":
  version "0.0.45"
  resolved "https://registry.npm.taobao.org/@types/estree/download/@types/estree-0.0.45.tgz#e9387572998e5ecdac221950dab3e8c3b16af884"
  integrity sha1-6Th1cpmOXs2sIhlQ2rPow7Fq+IQ=

"@types/node@*":
  version "14.0.14"
  resolved "https://registry.npm.taobao.org/@types/node/download/@types/node-14.0.14.tgz?cache=0&sync_timestamp=1592987751085&other_urls=https%3A%2F%2Fregistry.npm.taobao.org%2F%40types%2Fnode%2Fdownload%2F%40types%2Fnode-14.0.14.tgz#24a0b5959f16ac141aeb0c5b3cd7a15b7c64cbce"
  integrity sha1-JKC1lZ8WrBQa6wxbPNehW3xky84=

acorn@^7.1.0:
  version "7.3.1"
  resolved "https://registry.npm.taobao.org/acorn/download/acorn-7.3.1.tgz?cache=0&sync_timestamp=1591869455923&other_urls=https%3A%2F%2Fregistry.npm.taobao.org%2Facorn%2Fdownload%2Facorn-7.3.1.tgz#85010754db53c3fbaf3b9ea3e083aa5c5d147ffd"
  integrity sha1-hQEHVNtTw/uvO56j4IOqXF0Uf/0=

rollup@^1.26.3:
  version "1.32.1"
  resolved "https://registry.npm.taobao.org/rollup/download/rollup-1.32.1.tgz?cache=0&sync_timestamp=1593204515743&other_urls=https%3A%2F%2Fregistry.npm.taobao.org%2Frollup%2Fdownload%2Frollup-1.32.1.tgz#4480e52d9d9e2ae4b46ba0d9ddeaf3163940f9c4"
  integrity sha1-RIDlLZ2eKuS0a6DZ3erzFjlA+cQ=
  dependencies:
    "@types/estree" "*"
    "@types/node" "*"
    acorn "^7.1.0"
